
Microsoft Visual Studio Solution File, Format Version 11.00
# Visual Studio 2010
Project("{8BC9CEB8-8B4A-11D0-8D11-00A0C91BC942}") = "BTH_CHUONG_7", "BTH_CHUONG_7.vcxproj", "{6F4213F0-C611-4A36-A510-A78D8DCA6798}"
EndProject
Global
	GlobalSection(SolutionConfigurationPlatforms) = preSolution
		Debug|Win32 = Debug|Win32
		Release|Win32 = Release|Win32
	EndGlobalSection
	GlobalSection(ProjectConfigurationPlatforms) = postSolution
		{6F4213F0-C611-4A36-A510-A78D8DCA6798}.Debug|Win32.ActiveCfg = Debug|Win32
		{6F4213F0-C611-4A36-A510-A78D8DCA6798}.Debug|Win32.Build.0 = Debug|Win32
		{6F4213F0-C611-4A36-A510-A78D8DCA6798}.Release|Win32.ActiveCfg = Release|Win32
		{6F4213F0-C611-4A36-A510-A78D8DCA6798}.Release|Win32.Build.0 = Release|Win32
	EndGlobalSection
	GlobalSection(SolutionProperties) = preSolution
		HideSolutionNode = FALSE
	EndGlobalSection
EndGlobal
